
Microsoft Visual Studio Solution File, Format Version 12.00
# Visual Studio Version 16
VisualStudioVersion = 16.0.29519.181
MinimumVisualStudioVersion = 10.0.40219.1
Project("{9A19103F-16F7-4668-BE54-9A1E7A4F7556}") = "Alexa.NET.StateManagement", "Alexa.NET.StateManagement\Alexa.NET.StateManagement.csproj", "{38F9E9C6-4884-4366-9852-704037DE33D9}"
EndProject
Project("{9A19103F-16F7-4668-BE54-9A1E7A4F7556}") = "Alexa.NET.StateManagement.Tests", "Alexa.NET.StateManagement.Tests\Alexa.NET.StateManagement.Tests.csproj", "{FC9AF2AA-604C-44B8-AB70-91035186183F}"
EndProject
Global
	GlobalSection(SolutionConfigurationPlatforms) = preSolution
		Debug|Any CPU = Debug|Any CPU
		Release|Any CPU = Release|Any CPU
	EndGlobalSection
	GlobalSection(ProjectConfigurationPlatforms) = postSolution
		{38F9E9C6-4884-4366-9852-704037DE33D9}.Debug|Any CPU.ActiveCfg = Debug|Any CPU
		{38F9E9C6-4884-4366-9852-704037DE33D9}.Debug|Any CPU.Build.0 = Debug|Any CPU
		{38F9E9C6-4884-4366-9852-704037DE33D9}.Release|Any CPU.ActiveCfg = Release|Any CPU
		{38F9E9C6-4884-4366-9852-704037DE33D9}.Release|Any CPU.Build.0 = Release|Any CPU
		{FC9AF2AA-604C-44B8-AB70-91035186183F}.Debug|Any CPU.ActiveCfg = Debug|Any CPU
		{FC9AF2AA-604C-44B8-AB70-91035186183F}.Debug|Any CPU.Build.0 = Debug|Any CPU
		{FC9AF2AA-604C-44B8-AB70-91035186183F}.Release|Any CPU.ActiveCfg = Release|Any CPU
		{FC9AF2AA-604C-44B8-AB70-91035186183F}.Release|Any CPU.Build.0 = Release|Any CPU
	EndGlobalSection
	GlobalSection(SolutionProperties) = preSolution
		HideSolutionNode = FALSE
	EndGlobalSection
	GlobalSection(ExtensibilityGlobals) = postSolution
		SolutionGuid = {16203E2D-99BB-466E-A49A-4FB5BAA03C52}
	EndGlobalSection
EndGlobal
